
Microsoft Visual Studio Solution File, Format Version 12.00
# Visual Studio Version 17
VisualStudioVersion = 17.1.32203.90
MinimumVisualStudioVersion = 10.0.40219.1
Project("{FAE04EC0-301F-11D3-BF4B-00C04F79EFBC}") = "api", "api\api.csproj", "{F2C3CA6C-731E-4AA0-B674-AE653D33939E}"
EndProject
Project("{FAE04EC0-301F-11D3-BF4B-00C04F79EFBC}") = "Core", "Core\Core.csproj", "{EE906FE6-A2F1-48D4-BBFA-A6E04C69B62E}"
EndProject
Project("{FAE04EC0-301F-11D3-BF4B-00C04F79EFBC}") = "Infrastructure", "Infrastructure\Infrastructure.csproj", "{1A80773C-1A21-404F-A345-9F7F0443D9ED}"
EndProject
Global
	GlobalSection(SolutionConfigurationPlatforms) = preSolution
		Debug|Any CPU = Debug|Any CPU
		Release|Any CPU = Release|Any CPU
	EndGlobalSection
	GlobalSection(ProjectConfigurationPlatforms) = postSolution
		{F2C3CA6C-731E-4AA0-B674-AE653D33939E}.Debug|Any CPU.ActiveCfg = Debug|Any CPU
		{F2C3CA6C-731E-4AA0-B674-AE653D33939E}.Debug|Any CPU.Build.0 = Debug|Any CPU
		{F2C3CA6C-731E-4AA0-B674-AE653D33939E}.Release|Any CPU.ActiveCfg = Release|Any CPU
		{F2C3CA6C-731E-4AA0-B674-AE653D33939E}.Release|Any CPU.Build.0 = Release|Any CPU
		{EE906FE6-A2F1-48D4-BBFA-A6E04C69B62E}.Debug|Any CPU.ActiveCfg = Debug|Any CPU
		{EE906FE6-A2F1-48D4-BBFA-A6E04C69B62E}.Debug|Any CPU.Build.0 = Debug|Any CPU
		{EE906FE6-A2F1-48D4-BBFA-A6E04C69B62E}.Release|Any CPU.ActiveCfg = Release|Any CPU
		{EE906FE6-A2F1-48D4-BBFA-A6E04C69B62E}.Release|Any CPU.Build.0 = Release|Any CPU
		{1A80773C-1A21-404F-A345-9F7F0443D9ED}.Debug|Any CPU.ActiveCfg = Debug|Any CPU
		{1A80773C-1A21-404F-A345-9F7F0443D9ED}.Debug|Any CPU.Build.0 = Debug|Any CPU
		{1A80773C-1A21-404F-A345-9F7F0443D9ED}.Release|Any CPU.ActiveCfg = Release|Any CPU
		{1A80773C-1A21-404F-A345-9F7F0443D9ED}.Release|Any CPU.Build.0 = Release|Any CPU
	EndGlobalSection
	GlobalSection(SolutionProperties) = preSolution
		HideSolutionNode = FALSE
	EndGlobalSection
	GlobalSection(ExtensibilityGlobals) = postSolution
		SolutionGuid = {789FF9C6-D297-437D-AD3E-54CD612AE090}
	EndGlobalSection
EndGlobal
